
Microsoft Visual Studio Solution File, Format Version 12.00
# Visual Studio 15
VisualStudioVersion = 15.0.25807.0
MinimumVisualStudioVersion = 10.0.40219.1
Project("{2150E333-8FDC-42A3-9474-1A3956D46DE8}") = "Engine", "Engine", "{FE5DA3AF-DA79-4C64-82FB-5B467FEABD77}"
EndProject
Project("{2150E333-8FDC-42A3-9474-1A3956D46DE8}") = "Games", "Games", "{9CE89C49-A219-4002-B310-58C6A741A936}"
EndProject
Project("{8BC9CEB8-8B4A-11D0-8D11-00A0C91BC942}") = "UE4", "Intermediate\ProjectFiles\UE4.vcxproj", "{C8BE8166-6987-4403-91EB-25DBC4208356}"
EndProject
Project("{8BC9CEB8-8B4A-11D0-8D11-00A0C91BC942}") = "Attuned", "Intermediate\ProjectFiles\Attuned.vcxproj", "{CF693D75-98BC-45C8-9333-6EA06CC31D25}"
EndProject
Project("{2150E333-8FDC-42A3-9474-1A3956D46DE8}") = "Visualizers", "Visualizers", "{3E6AA041-AB23-43BA-9A3E-BBCB8E628935}"
	ProjectSection(SolutionItems) = preProject
		..\..\..\..\..\Program Files\Epic Games\UE_4.21\Engine\Extras\VisualStudioDebugging\UE4.natvis = ..\..\..\..\..\Program Files\Epic Games\UE_4.21\Engine\Extras\VisualStudioDebugging\UE4.natvis
	EndProjectSection
EndProject
Global
	GlobalSection(SolutionConfigurationPlatforms) = preSolution
		DebugGame Editor|HTML5 = DebugGame Editor|HTML5
		DebugGame Editor|IOS = DebugGame Editor|IOS
		DebugGame Editor|Win32 = DebugGame Editor|Win32
		DebugGame Editor|Win64 = DebugGame Editor|Win64
		DebugGame|HTML5 = DebugGame|HTML5
		DebugGame|IOS = DebugGame|IOS
		DebugGame|Win32 = DebugGame|Win32
		DebugGame|Win64 = DebugGame|Win64
		Development Editor|HTML5 = Development Editor|HTML5
		Development Editor|IOS = Development Editor|IOS
		Development Editor|Win32 = Development Editor|Win32
		Development Editor|Win64 = Development Editor|Win64
		Development|HTML5 = Development|HTML5
		Development|IOS = Development|IOS
		Development|Win32 = Development|Win32
		Development|Win64 = Development|Win64
		Shipping|HTML5 = Shipping|HTML5
		Shipping|IOS = Shipping|IOS
		Shipping|Win32 = Shipping|Win32
		Shipping|Win64 = Shipping|Win64
	EndGlobalSection
	GlobalSection(ProjectConfigurationPlatforms) = postSolution
		{C8BE8166-6987-4403-91EB-25DBC4208356}.DebugGame Editor|HTML5.ActiveCfg = BuiltWithUnrealBuildTool|Win32
		{C8BE8166-6987-4403-91EB-25DBC4208356}.DebugGame Editor|IOS.ActiveCfg = BuiltWithUnrealBuildTool|Win32
		{C8BE8166-6987-4403-91EB-25DBC4208356}.DebugGame Editor|Win32.ActiveCfg = BuiltWithUnrealBuildTool|Win32
		{C8BE8166-6987-4403-91EB-25DBC4208356}.DebugGame Editor|Win64.ActiveCfg = BuiltWithUnrealBuildTool|Win32
		{C8BE8166-6987-4403-91EB-25DBC4208356}.DebugGame|HTML5.ActiveCfg = BuiltWithUnrealBuildTool|Win32
		{C8BE8166-6987-4403-91EB-25DBC4208356}.DebugGame|IOS.ActiveCfg = BuiltWithUnrealBuildTool|Win32
		{C8BE8166-6987-4403-91EB-25DBC4208356}.DebugGame|Win32.ActiveCfg = BuiltWithUnrealBuildTool|Win32
		{C8BE8166-6987-4403-91EB-25DBC4208356}.DebugGame|Win64.ActiveCfg = BuiltWithUnrealBuildTool|Win32
		{C8BE8166-6987-4403-91EB-25DBC4208356}.Development Editor|HTML5.ActiveCfg = BuiltWithUnrealBuildTool|Win32
		{C8BE8166-6987-4403-91EB-25DBC4208356}.Development Editor|IOS.ActiveCfg = BuiltWithUnrealBuildTool|Win32
		{C8BE8166-6987-4403-91EB-25DBC4208356}.Development Editor|Win32.ActiveCfg = BuiltWithUnrealBuildTool|Win32
		{C8BE8166-6987-4403-91EB-25DBC4208356}.Development Editor|Win64.ActiveCfg = BuiltWithUnrealBuildTool|Win32
		{C8BE8166-6987-4403-91EB-25DBC4208356}.Development|HTML5.ActiveCfg = BuiltWithUnrealBuildTool|Win32
		{C8BE8166-6987-4403-91EB-25DBC4208356}.Development|IOS.ActiveCfg = BuiltWithUnrealBuildTool|Win32
		{C8BE8166-6987-4403-91EB-25DBC4208356}.Development|Win32.ActiveCfg = BuiltWithUnrealBuildTool|Win32
		{C8BE8166-6987-4403-91EB-25DBC4208356}.Development|Win64.ActiveCfg = BuiltWithUnrealBuildTool|Win32
		{C8BE8166-6987-4403-91EB-25DBC4208356}.Shipping|HTML5.ActiveCfg = BuiltWithUnrealBuildTool|Win32
		{C8BE8166-6987-4403-91EB-25DBC4208356}.Shipping|IOS.ActiveCfg = BuiltWithUnrealBuildTool|Win32
		{C8BE8166-6987-4403-91EB-25DBC4208356}.Shipping|Win32.ActiveCfg = BuiltWithUnrealBuildTool|Win32
		{C8BE8166-6987-4403-91EB-25DBC4208356}.Shipping|Win64.ActiveCfg = BuiltWithUnrealBuildTool|Win32
		{CF693D75-98BC-45C8-9333-6EA06CC31D25}.DebugGame Editor|HTML5.ActiveCfg = Invalid|Win32
		{CF693D75-98BC-45C8-9333-6EA06CC31D25}.DebugGame Editor|IOS.ActiveCfg = Invalid|Win32
		{CF693D75-98BC-45C8-9333-6EA06CC31D25}.DebugGame Editor|Win32.ActiveCfg = Invalid|Win32
		{CF693D75-98BC-45C8-9333-6EA06CC31D25}.DebugGame Editor|Win64.ActiveCfg = DebugGame_Editor|x64
		{CF693D75-98BC-45C8-9333-6EA06CC31D25}.DebugGame Editor|Win64.Build.0 = DebugGame_Editor|x64
		{CF693D75-98BC-45C8-9333-6EA06CC31D25}.DebugGame|HTML5.ActiveCfg = HTML5_DebugGame|Win32
		{CF693D75-98BC-45C8-9333-6EA06CC31D25}.DebugGame|HTML5.Build.0 = HTML5_DebugGame|Win32
		{CF693D75-98BC-45C8-9333-6EA06CC31D25}.DebugGame|IOS.ActiveCfg = IOS_DebugGame|Win32
		{CF693D75-98BC-45C8-9333-6EA06CC31D25}.DebugGame|IOS.Build.0 = IOS_DebugGame|Win32
		{CF693D75-98BC-45C8-9333-6EA06CC31D25}.DebugGame|Win32.ActiveCfg = DebugGame|Win32
		{CF693D75-98BC-45C8-9333-6EA06CC31D25}.DebugGame|Win32.Build.0 = DebugGame|Win32
		{CF693D75-98BC-45C8-9333-6EA06CC31D25}.DebugGame|Win64.ActiveCfg = DebugGame|x64
		{CF693D75-98BC-45C8-9333-6EA06CC31D25}.DebugGame|Win64.Build.0 = DebugGame|x64
		{CF693D75-98BC-45C8-9333-6EA06CC31D25}.Development Editor|HTML5.ActiveCfg = Invalid|Win32
		{CF693D75-98BC-45C8-9333-6EA06CC31D25}.Development Editor|IOS.ActiveCfg = Invalid|Win32
		{CF693D75-98BC-45C8-9333-6EA06CC31D25}.Development Editor|Win32.ActiveCfg = Invalid|Win32
		{CF693D75-98BC-45C8-9333-6EA06CC31D25}.Development Editor|Win64.ActiveCfg = Development_Editor|x64
		{CF693D75-98BC-45C8-9333-6EA06CC31D25}.Development Editor|Win64.Build.0 = Development_Editor|x64
		{CF693D75-98BC-45C8-9333-6EA06CC31D25}.Development|HTML5.ActiveCfg = HTML5_Development|Win32
		{CF693D75-98BC-45C8-9333-6EA06CC31D25}.Development|HTML5.Build.0 = HTML5_Development|Win32
		{CF693D75-98BC-45C8-9333-6EA06CC31D25}.Development|IOS.ActiveCfg = IOS_Development|Win32
		{CF693D75-98BC-45C8-9333-6EA06CC31D25}.Development|IOS.Build.0 = IOS_Development|Win32
		{CF693D75-98BC-45C8-9333-6EA06CC31D25}.Development|Win32.ActiveCfg = Development|Win32
		{CF693D75-98BC-45C8-9333-6EA06CC31D25}.Development|Win32.Build.0 = Development|Win32
		{CF693D75-98BC-45C8-9333-6EA06CC31D25}.Development|Win64.ActiveCfg = Development|x64
		{CF693D75-98BC-45C8-9333-6EA06CC31D25}.Development|Win64.Build.0 = Development|x64
		{CF693D75-98BC-45C8-9333-6EA06CC31D25}.Shipping|HTML5.ActiveCfg = HTML5_Shipping|Win32
		{CF693D75-98BC-45C8-9333-6EA06CC31D25}.Shipping|HTML5.Build.0 = HTML5_Shipping|Win32
		{CF693D75-98BC-45C8-9333-6EA06CC31D25}.Shipping|IOS.ActiveCfg = IOS_Shipping|Win32
		{CF693D75-98BC-45C8-9333-6EA06CC31D25}.Shipping|IOS.Build.0 = IOS_Shipping|Win32
		{CF693D75-98BC-45C8-9333-6EA06CC31D25}.Shipping|Win32.ActiveCfg = Shipping|Win32
		{CF693D75-98BC-45C8-9333-6EA06CC31D25}.Shipping|Win32.Build.0 = Shipping|Win32
		{CF693D75-98BC-45C8-9333-6EA06CC31D25}.Shipping|Win64.ActiveCfg = Shipping|x64
		{CF693D75-98BC-45C8-9333-6EA06CC31D25}.Shipping|Win64.Build.0 = Shipping|x64
	EndGlobalSection
	GlobalSection(SolutionProperties) = preSolution
		HideSolutionNode = FALSE
	EndGlobalSection
	GlobalSection(NestedProjects) = preSolution
		{C8BE8166-6987-4403-91EB-25DBC4208356} = {FE5DA3AF-DA79-4C64-82FB-5B467FEABD77}
		{CF693D75-98BC-45C8-9333-6EA06CC31D25} = {9CE89C49-A219-4002-B310-58C6A741A936}
	EndGlobalSection
EndGlobal
