
Microsoft Visual Studio Solution File, Format Version 12.00
# Visual Studio 15
VisualStudioVersion = 15.0.25807.0
MinimumVisualStudioVersion = 10.0.40219.1
Project("{2150E333-8FDC-42A3-9474-1A3956D46DE8}") = "Engine", "Engine", "{F995DD27-5D31-4B57-BC4D-AFB094D5B2B2}"
EndProject
Project("{2150E333-8FDC-42A3-9474-1A3956D46DE8}") = "Games", "Games", "{500BD3F9-6A43-4A02-96A4-125D317323D8}"
EndProject
Project("{8BC9CEB8-8B4A-11D0-8D11-00A0C91BC942}") = "Attuned", "Intermediate\ProjectFiles\Attuned.vcxproj", "{AA1FBD34-8290-4937-A88E-4124AC681719}"
EndProject
Project("{8BC9CEB8-8B4A-11D0-8D11-00A0C91BC942}") = "UE4", "Intermediate\ProjectFiles\UE4.vcxproj", "{779FE9C8-9A3D-4D69-BA8C-A1F210203C3B}"
EndProject
Project("{2150E333-8FDC-42A3-9474-1A3956D46DE8}") = "Visualizers", "Visualizers", "{A282EE0A-ADE0-42F6-8238-E4037C6FBE39}"
	ProjectSection(SolutionItems) = preProject
		..\..\..\Softwares\Epic Games\UE_4.21\Engine\Extras\VisualStudioDebugging\UE4.natvis = ..\..\..\Softwares\Epic Games\UE_4.21\Engine\Extras\VisualStudioDebugging\UE4.natvis
	EndProjectSection
EndProject
Global
	GlobalSection(SolutionConfigurationPlatforms) = preSolution
		DebugGame Editor|HTML5 = DebugGame Editor|HTML5
		DebugGame Editor|IOS = DebugGame Editor|IOS
		DebugGame Editor|Win32 = DebugGame Editor|Win32
		DebugGame Editor|Win64 = DebugGame Editor|Win64
		DebugGame|HTML5 = DebugGame|HTML5
		DebugGame|IOS = DebugGame|IOS
		DebugGame|Win32 = DebugGame|Win32
		DebugGame|Win64 = DebugGame|Win64
		Development Editor|HTML5 = Development Editor|HTML5
		Development Editor|IOS = Development Editor|IOS
		Development Editor|Win32 = Development Editor|Win32
		Development Editor|Win64 = Development Editor|Win64
		Development|HTML5 = Development|HTML5
		Development|IOS = Development|IOS
		Development|Win32 = Development|Win32
		Development|Win64 = Development|Win64
		Shipping|HTML5 = Shipping|HTML5
		Shipping|IOS = Shipping|IOS
		Shipping|Win32 = Shipping|Win32
		Shipping|Win64 = Shipping|Win64
	EndGlobalSection
	GlobalSection(ProjectConfigurationPlatforms) = postSolution
		{AA1FBD34-8290-4937-A88E-4124AC681719}.DebugGame Editor|HTML5.ActiveCfg = Invalid|Win32
		{AA1FBD34-8290-4937-A88E-4124AC681719}.DebugGame Editor|IOS.ActiveCfg = Invalid|Win32
		{AA1FBD34-8290-4937-A88E-4124AC681719}.DebugGame Editor|Win32.ActiveCfg = Invalid|Win32
		{AA1FBD34-8290-4937-A88E-4124AC681719}.DebugGame Editor|Win64.ActiveCfg = DebugGame_Editor|x64
		{AA1FBD34-8290-4937-A88E-4124AC681719}.DebugGame Editor|Win64.Build.0 = DebugGame_Editor|x64
		{AA1FBD34-8290-4937-A88E-4124AC681719}.DebugGame|HTML5.ActiveCfg = HTML5_DebugGame|Win32
		{AA1FBD34-8290-4937-A88E-4124AC681719}.DebugGame|HTML5.Build.0 = HTML5_DebugGame|Win32
		{AA1FBD34-8290-4937-A88E-4124AC681719}.DebugGame|IOS.ActiveCfg = IOS_DebugGame|Win32
		{AA1FBD34-8290-4937-A88E-4124AC681719}.DebugGame|IOS.Build.0 = IOS_DebugGame|Win32
		{AA1FBD34-8290-4937-A88E-4124AC681719}.DebugGame|Win32.ActiveCfg = DebugGame|Win32
		{AA1FBD34-8290-4937-A88E-4124AC681719}.DebugGame|Win32.Build.0 = DebugGame|Win32
		{AA1FBD34-8290-4937-A88E-4124AC681719}.DebugGame|Win64.ActiveCfg = DebugGame|x64
		{AA1FBD34-8290-4937-A88E-4124AC681719}.DebugGame|Win64.Build.0 = DebugGame|x64
		{AA1FBD34-8290-4937-A88E-4124AC681719}.Development Editor|HTML5.ActiveCfg = Invalid|Win32
		{AA1FBD34-8290-4937-A88E-4124AC681719}.Development Editor|IOS.ActiveCfg = Invalid|Win32
		{AA1FBD34-8290-4937-A88E-4124AC681719}.Development Editor|Win32.ActiveCfg = Invalid|Win32
		{AA1FBD34-8290-4937-A88E-4124AC681719}.Development Editor|Win64.ActiveCfg = Development_Editor|x64
		{AA1FBD34-8290-4937-A88E-4124AC681719}.Development Editor|Win64.Build.0 = Development_Editor|x64
		{AA1FBD34-8290-4937-A88E-4124AC681719}.Development|HTML5.ActiveCfg = HTML5_Development|Win32
		{AA1FBD34-8290-4937-A88E-4124AC681719}.Development|HTML5.Build.0 = HTML5_Development|Win32
		{AA1FBD34-8290-4937-A88E-4124AC681719}.Development|IOS.ActiveCfg = IOS_Development|Win32
		{AA1FBD34-8290-4937-A88E-4124AC681719}.Development|IOS.Build.0 = IOS_Development|Win32
		{AA1FBD34-8290-4937-A88E-4124AC681719}.Development|Win32.ActiveCfg = Development|Win32
		{AA1FBD34-8290-4937-A88E-4124AC681719}.Development|Win32.Build.0 = Development|Win32
		{AA1FBD34-8290-4937-A88E-4124AC681719}.Development|Win64.ActiveCfg = Development|x64
		{AA1FBD34-8290-4937-A88E-4124AC681719}.Development|Win64.Build.0 = Development|x64
		{AA1FBD34-8290-4937-A88E-4124AC681719}.Shipping|HTML5.ActiveCfg = HTML5_Shipping|Win32
		{AA1FBD34-8290-4937-A88E-4124AC681719}.Shipping|HTML5.Build.0 = HTML5_Shipping|Win32
		{AA1FBD34-8290-4937-A88E-4124AC681719}.Shipping|IOS.ActiveCfg = IOS_Shipping|Win32
		{AA1FBD34-8290-4937-A88E-4124AC681719}.Shipping|IOS.Build.0 = IOS_Shipping|Win32
		{AA1FBD34-8290-4937-A88E-4124AC681719}.Shipping|Win32.ActiveCfg = Shipping|Win32
		{AA1FBD34-8290-4937-A88E-4124AC681719}.Shipping|Win32.Build.0 = Shipping|Win32
		{AA1FBD34-8290-4937-A88E-4124AC681719}.Shipping|Win64.ActiveCfg = Shipping|x64
		{AA1FBD34-8290-4937-A88E-4124AC681719}.Shipping|Win64.Build.0 = Shipping|x64
		{779FE9C8-9A3D-4D69-BA8C-A1F210203C3B}.DebugGame Editor|HTML5.ActiveCfg = BuiltWithUnrealBuildTool|Win32
		{779FE9C8-9A3D-4D69-BA8C-A1F210203C3B}.DebugGame Editor|IOS.ActiveCfg = BuiltWithUnrealBuildTool|Win32
		{779FE9C8-9A3D-4D69-BA8C-A1F210203C3B}.DebugGame Editor|Win32.ActiveCfg = BuiltWithUnrealBuildTool|Win32
		{779FE9C8-9A3D-4D69-BA8C-A1F210203C3B}.DebugGame Editor|Win64.ActiveCfg = BuiltWithUnrealBuildTool|Win32
		{779FE9C8-9A3D-4D69-BA8C-A1F210203C3B}.DebugGame|HTML5.ActiveCfg = BuiltWithUnrealBuildTool|Win32
		{779FE9C8-9A3D-4D69-BA8C-A1F210203C3B}.DebugGame|IOS.ActiveCfg = BuiltWithUnrealBuildTool|Win32
		{779FE9C8-9A3D-4D69-BA8C-A1F210203C3B}.DebugGame|Win32.ActiveCfg = BuiltWithUnrealBuildTool|Win32
		{779FE9C8-9A3D-4D69-BA8C-A1F210203C3B}.DebugGame|Win64.ActiveCfg = BuiltWithUnrealBuildTool|Win32
		{779FE9C8-9A3D-4D69-BA8C-A1F210203C3B}.Development Editor|HTML5.ActiveCfg = BuiltWithUnrealBuildTool|Win32
		{779FE9C8-9A3D-4D69-BA8C-A1F210203C3B}.Development Editor|IOS.ActiveCfg = BuiltWithUnrealBuildTool|Win32
		{779FE9C8-9A3D-4D69-BA8C-A1F210203C3B}.Development Editor|Win32.ActiveCfg = BuiltWithUnrealBuildTool|Win32
		{779FE9C8-9A3D-4D69-BA8C-A1F210203C3B}.Development Editor|Win64.ActiveCfg = BuiltWithUnrealBuildTool|Win32
		{779FE9C8-9A3D-4D69-BA8C-A1F210203C3B}.Development|HTML5.ActiveCfg = BuiltWithUnrealBuildTool|Win32
		{779FE9C8-9A3D-4D69-BA8C-A1F210203C3B}.Development|IOS.ActiveCfg = BuiltWithUnrealBuildTool|Win32
		{779FE9C8-9A3D-4D69-BA8C-A1F210203C3B}.Development|Win32.ActiveCfg = BuiltWithUnrealBuildTool|Win32
		{779FE9C8-9A3D-4D69-BA8C-A1F210203C3B}.Development|Win64.ActiveCfg = BuiltWithUnrealBuildTool|Win32
		{779FE9C8-9A3D-4D69-BA8C-A1F210203C3B}.Shipping|HTML5.ActiveCfg = BuiltWithUnrealBuildTool|Win32
		{779FE9C8-9A3D-4D69-BA8C-A1F210203C3B}.Shipping|IOS.ActiveCfg = BuiltWithUnrealBuildTool|Win32
		{779FE9C8-9A3D-4D69-BA8C-A1F210203C3B}.Shipping|Win32.ActiveCfg = BuiltWithUnrealBuildTool|Win32
		{779FE9C8-9A3D-4D69-BA8C-A1F210203C3B}.Shipping|Win64.ActiveCfg = BuiltWithUnrealBuildTool|Win32
	EndGlobalSection
	GlobalSection(SolutionProperties) = preSolution
		HideSolutionNode = FALSE
	EndGlobalSection
	GlobalSection(NestedProjects) = preSolution
		{779FE9C8-9A3D-4D69-BA8C-A1F210203C3B} = {F995DD27-5D31-4B57-BC4D-AFB094D5B2B2}
		{AA1FBD34-8290-4937-A88E-4124AC681719} = {500BD3F9-6A43-4A02-96A4-125D317323D8}
	EndGlobalSection
EndGlobal
